
Microsoft Visual Studio Solution File, Format Version 12.00
# Visual Studio Version 16
VisualStudioVersion = 16.0.30413.136
MinimumVisualStudioVersion = 10.0.40219.1
Project("{FAE04EC0-301F-11D3-BF4B-00C04F79EFBC}") = "Cows and bulls", "Cows and bulls\Cows and bulls.csproj", "{4E6999F9-70D9-4F1C-BD37-5A4C04F0C958}"
EndProject
Global
	GlobalSection(SolutionConfigurationPlatforms) = preSolution
		Debug|Any CPU = Debug|Any CPU
		Release|Any CPU = Release|Any CPU
	EndGlobalSection
	GlobalSection(ProjectConfigurationPlatforms) = postSolution
		{4E6999F9-70D9-4F1C-BD37-5A4C04F0C958}.Debug|Any CPU.ActiveCfg = Debug|Any CPU
		{4E6999F9-70D9-4F1C-BD37-5A4C04F0C958}.Debug|Any CPU.Build.0 = Debug|Any CPU
		{4E6999F9-70D9-4F1C-BD37-5A4C04F0C958}.Release|Any CPU.ActiveCfg = Release|Any CPU
		{4E6999F9-70D9-4F1C-BD37-5A4C04F0C958}.Release|Any CPU.Build.0 = Release|Any CPU
	EndGlobalSection
	GlobalSection(SolutionProperties) = preSolution
		HideSolutionNode = FALSE
	EndGlobalSection
	GlobalSection(ExtensibilityGlobals) = postSolution
		SolutionGuid = {2A0B977C-D5CA-4036-8E1A-2DFF009CE7D0}
	EndGlobalSection
EndGlobal
